// !$*UTF8*$!
{
	archiveVersion = 1;
	classes = {
	};
	objectVersion = 46;
	objects = {

/* Begin PBXBuildFile section */
		FA1CCF3614F9587500A3889F /* Accelerate.framework in Frameworks */ = {isa = PBXBuildFile; fileRef = FA1CCF3514F9587500A3889F /* Accelerate.framework */; };
		FAB92EB61481629600E5E8F8 /* QuartzCore.framework in Frameworks */ = {isa = PBXBuildFile; fileRef = FAB92EB51481629600E5E8F8 /* QuartzCore.framework */; };
		FAE482F513A2884800F0F1A8 /* Foundation.framework in Frameworks */ = {isa = PBXBuildFile; fileRef = FAE482F413A2884800F0F1A8 /* Foundation.framework */; };
		FAE482F813A2884800F0F1A8 /* main.m in Sources */ = {isa = PBXBuildFile; fileRef = FAE482F713A2884800F0F1A8 /* main.m */; };
		FAE482FC13A2884800F0F1A8 /* artFileTool.1 in CopyFiles */ = {isa = PBXBuildFile; fileRef = FAE482FB13A2884800F0F1A8 /* artFileTool.1 */; };
		FAE4830F13A288D600F0F1A8 /* Cocoa.framework in Frameworks */ = {isa = PBXBuildFile; fileRef = FAE4830E13A288D600F0F1A8 /* Cocoa.framework */; };
		FAE7F5C5156968AD00567D7B /* ArtFile.m in Sources */ = {isa = PBXBuildFile; fileRef = FAE7F5C4156968AD00567D7B /* ArtFile.m */; };
		FAE7F5CC156968CB00567D7B /* NSData+Byte.m in Sources */ = {isa = PBXBuildFile; fileRef = FAE7F5C9156968CB00567D7B /* NSData+Byte.m */; };
		FAE7F5CD156968CB00567D7B /* NSImageRep+Data.m in Sources */ = {isa = PBXBuildFile; fileRef = FAE7F5CB156968CB00567D7B /* NSImageRep+Data.m */; };
		FAE7F5D01569698A00567D7B /* AFHeader.m in Sources */ = {isa = PBXBuildFile; fileRef = FAE7F5CF1569698A00567D7B /* AFHeader.m */; };
		FAE7F5D71569736200567D7B /* AFFileDescriptor.m in Sources */ = {isa = PBXBuildFile; fileRef = FAE7F5D61569736200567D7B /* AFFileDescriptor.m */; };
		FAE7F5DA1569737200567D7B /* AFArtHeader.m in Sources */ = {isa = PBXBuildFile; fileRef = FAE7F5D91569737200567D7B /* AFArtHeader.m */; };
/* End PBXBuildFile section */

/* Begin PBXCopyFilesBuildPhase section */
		FAE482EE13A2884800F0F1A8 /* CopyFiles */ = {
			isa = PBXCopyFilesBuildPhase;
			buildActionMask = 2147483647;
			dstPath = /usr/share/man/man1/;
			dstSubfolderSpec = 0;
			files = (
				FAE482FC13A2884800F0F1A8 /* artFileTool.1 in CopyFiles */,
			);
			runOnlyForDeploymentPostprocessing = 1;
		};
/* End PBXCopyFilesBuildPhase section */

/* Begin PBXFileReference section */
		FA1CCF3514F9587500A3889F /* Accelerate.framework */ = {isa = PBXFileReference; lastKnownFileType = wrapper.framework; name = Accelerate.framework; path = SDKs/MacOSX10.7.sdk/System/Library/Frameworks/Accelerate.framework; sourceTree = DEVELOPER_DIR; };
		FAB92EB51481629600E5E8F8 /* QuartzCore.framework */ = {isa = PBXFileReference; lastKnownFileType = wrapper.framework; name = QuartzCore.framework; path = System/Library/Frameworks/QuartzCore.framework; sourceTree = SDKROOT; };
		FAE482F013A2884800F0F1A8 /* artFileTool */ = {isa = PBXFileReference; explicitFileType = "compiled.mach-o.executable"; includeInIndex = 0; path = artFileTool; sourceTree = BUILT_PRODUCTS_DIR; };
		FAE482F413A2884800F0F1A8 /* Foundation.framework */ = {isa = PBXFileReference; lastKnownFileType = wrapper.framework; name = Foundation.framework; path = System/Library/Frameworks/Foundation.framework; sourceTree = SDKROOT; };
		FAE482F713A2884800F0F1A8 /* main.m */ = {isa = PBXFileReference; lastKnownFileType = sourcecode.c.objc; path = main.m; sourceTree = "<group>"; };
		FAE482FA13A2884800F0F1A8 /* artFileTool-Prefix.pch */ = {isa = PBXFileReference; lastKnownFileType = sourcecode.c.h; path = "artFileTool-Prefix.pch"; sourceTree = "<group>"; };
		FAE482FB13A2884800F0F1A8 /* artFileTool.1 */ = {isa = PBXFileReference; lastKnownFileType = text.man; path = artFileTool.1; sourceTree = "<group>"; };
		FAE4830E13A288D600F0F1A8 /* Cocoa.framework */ = {isa = PBXFileReference; lastKnownFileType = wrapper.framework; name = Cocoa.framework; path = System/Library/Frameworks/Cocoa.framework; sourceTree = SDKROOT; };
		FAE7F5C3156968AD00567D7B /* ArtFile.h */ = {isa = PBXFileReference; fileEncoding = 4; lastKnownFileType = sourcecode.c.h; name = ArtFile.h; path = Classes/ArtFile.h; sourceTree = "<group>"; };
		FAE7F5C4156968AD00567D7B /* ArtFile.m */ = {isa = PBXFileReference; fileEncoding = 4; lastKnownFileType = sourcecode.c.objc; name = ArtFile.m; path = Classes/ArtFile.m; sourceTree = "<group>"; };
		FAE7F5C8156968CB00567D7B /* NSData+Byte.h */ = {isa = PBXFileReference; fileEncoding = 4; lastKnownFileType = sourcecode.c.h; path = "NSData+Byte.h"; sourceTree = "<group>"; };
		FAE7F5C9156968CB00567D7B /* NSData+Byte.m */ = {isa = PBXFileReference; fileEncoding = 4; lastKnownFileType = sourcecode.c.objc; path = "NSData+Byte.m"; sourceTree = "<group>"; };
		FAE7F5CA156968CB00567D7B /* NSImageRep+Data.h */ = {isa = PBXFileReference; fileEncoding = 4; lastKnownFileType = sourcecode.c.h; path = "NSImageRep+Data.h"; sourceTree = "<group>"; };
		FAE7F5CB156968CB00567D7B /* NSImageRep+Data.m */ = {isa = PBXFileReference; fileEncoding = 4; lastKnownFileType = sourcecode.c.objc; path = "NSImageRep+Data.m"; sourceTree = "<group>"; };
		FAE7F5CE1569698A00567D7B /* AFHeader.h */ = {isa = PBXFileReference; fileEncoding = 4; lastKnownFileType = sourcecode.c.h; name = AFHeader.h; path = Classes/AFHeader.h; sourceTree = "<group>"; };
		FAE7F5CF1569698A00567D7B /* AFHeader.m */ = {isa = PBXFileReference; fileEncoding = 4; lastKnownFileType = sourcecode.c.objc; name = AFHeader.m; path = Classes/AFHeader.m; sourceTree = "<group>"; };
		FAE7F5D51569736200567D7B /* AFFileDescriptor.h */ = {isa = PBXFileReference; fileEncoding = 4; lastKnownFileType = sourcecode.c.h; name = AFFileDescriptor.h; path = Classes/AFFileDescriptor.h; sourceTree = "<group>"; };
		FAE7F5D61569736200567D7B /* AFFileDescriptor.m */ = {isa = PBXFileReference; fileEncoding = 4; lastKnownFileType = sourcecode.c.objc; name = AFFileDescriptor.m; path = Classes/AFFileDescriptor.m; sourceTree = "<group>"; };
		FAE7F5D81569737200567D7B /* AFArtHeader.h */ = {isa = PBXFileReference; fileEncoding = 4; lastKnownFileType = sourcecode.c.h; name = AFArtHeader.h; path = Classes/AFArtHeader.h; sourceTree = "<group>"; };
		FAE7F5D91569737200567D7B /* AFArtHeader.m */ = {isa = PBXFileReference; fileEncoding = 4; lastKnownFileType = sourcecode.c.objc; name = AFArtHeader.m; path = Classes/AFArtHeader.m; sourceTree = "<group>"; };
/* End PBXFileReference section */

/* Begin PBXFrameworksBuildPhase section */
		FAE482ED13A2884800F0F1A8 /* Frameworks */ = {
			isa = PBXFrameworksBuildPhase;
			buildActionMask = 2147483647;
			files = (
				FA1CCF3614F9587500A3889F /* Accelerate.framework in Frameworks */,
				FAB92EB61481629600E5E8F8 /* QuartzCore.framework in Frameworks */,
				FAE4830F13A288D600F0F1A8 /* Cocoa.framework in Frameworks */,
				FAE482F513A2884800F0F1A8 /* Foundation.framework in Frameworks */,
			);
			runOnlyForDeploymentPostprocessing = 0;
		};
/* End PBXFrameworksBuildPhase section */

/* Begin PBXGroup section */
		FAE482E513A2884700F0F1A8 = {
			isa = PBXGroup;
			children = (
				FAE482F613A2884800F0F1A8 /* artFileTool */,
				FAE482F313A2884800F0F1A8 /* Frameworks */,
				FAE482F113A2884800F0F1A8 /* Products */,
			);
			sourceTree = "<group>";
		};
		FAE482F113A2884800F0F1A8 /* Products */ = {
			isa = PBXGroup;
			children = (
				FAE482F013A2884800F0F1A8 /* artFileTool */,
			);
			name = Products;
			sourceTree = "<group>";
		};
		FAE482F313A2884800F0F1A8 /* Frameworks */ = {
			isa = PBXGroup;
			children = (
				FA1CCF3514F9587500A3889F /* Accelerate.framework */,
				FAB92EB51481629600E5E8F8 /* QuartzCore.framework */,
				FAE4830E13A288D600F0F1A8 /* Cocoa.framework */,
				FAE482F413A2884800F0F1A8 /* Foundation.framework */,
			);
			name = Frameworks;
			sourceTree = "<group>";
		};
		FAE482F613A2884800F0F1A8 /* artFileTool */ = {
			isa = PBXGroup;
			children = (
				FAE7F5C7156968CB00567D7B /* categories */,
				FAE7F5C6156968B000567D7B /* models */,
				FAE482F713A2884800F0F1A8 /* main.m */,
				FAE482FB13A2884800F0F1A8 /* artFileTool.1 */,
				FAE482F913A2884800F0F1A8 /* Supporting Files */,
			);
			path = artFileTool;
			sourceTree = "<group>";
		};
		FAE482F913A2884800F0F1A8 /* Supporting Files */ = {
			isa = PBXGroup;
			children = (
				FAE482FA13A2884800F0F1A8 /* artFileTool-Prefix.pch */,
			);
			name = "Supporting Files";
			sourceTree = "<group>";
		};
		FAE7F5C6156968B000567D7B /* models */ = {
			isa = PBXGroup;
			children = (
				FAE7F5C3156968AD00567D7B /* ArtFile.h */,
				FAE7F5C4156968AD00567D7B /* ArtFile.m */,
				FAE7F5CE1569698A00567D7B /* AFHeader.h */,
				FAE7F5CF1569698A00567D7B /* AFHeader.m */,
				FAE7F5D51569736200567D7B /* AFFileDescriptor.h */,
				FAE7F5D61569736200567D7B /* AFFileDescriptor.m */,
				FAE7F5D81569737200567D7B /* AFArtHeader.h */,
				FAE7F5D91569737200567D7B /* AFArtHeader.m */,
			);
			name = models;
			sourceTree = "<group>";
		};
		FAE7F5C7156968CB00567D7B /* categories */ = {
			isa = PBXGroup;
			children = (
				FAE7F5C8156968CB00567D7B /* NSData+Byte.h */,
				FAE7F5C9156968CB00567D7B /* NSData+Byte.m */,
				FAE7F5CA156968CB00567D7B /* NSImageRep+Data.h */,
				FAE7F5CB156968CB00567D7B /* NSImageRep+Data.m */,
			);
			name = categories;
			path = Categories;
			sourceTree = "<group>";
		};
/* End PBXGroup section */

/* Begin PBXNativeTarget section */
		FAE482EF13A2884800F0F1A8 /* artFileTool */ = {
			isa = PBXNativeTarget;
			buildConfigurationList = FAE482FF13A2884800F0F1A8 /* Build configuration list for PBXNativeTarget "artFileTool" */;
			buildPhases = (
				FAE482EC13A2884800F0F1A8 /* Sources */,
				FAE482ED13A2884800F0F1A8 /* Frameworks */,
				FAE482EE13A2884800F0F1A8 /* CopyFiles */,
			);
			buildRules = (
			);
			dependencies = (
			);
			name = artFileTool;
			productName = artFileTool;
			productReference = FAE482F013A2884800F0F1A8 /* artFileTool */;
			productType = "com.apple.product-type.tool";
		};
/* End PBXNativeTarget section */

/* Begin PBXProject section */
		FAE482E713A2884700F0F1A8 /* Project object */ = {
			isa = PBXProject;
			attributes = {
				LastUpgradeCheck = 0420;
				ORGANIZATIONNAME = "Alex Zielenski";
			};
			buildConfigurationList = FAE482EA13A2884700F0F1A8 /* Build configuration list for PBXProject "artFileTool" */;
			compatibilityVersion = "Xcode 3.2";
			developmentRegion = English;
			hasScannedForEncodings = 0;
			knownRegions = (
				en,
			);
			mainGroup = FAE482E513A2884700F0F1A8;
			productRefGroup = FAE482F113A2884800F0F1A8 /* Products */;
			projectDirPath = "";
			projectRoot = "";
			targets = (
				FAE482EF13A2884800F0F1A8 /* artFileTool */,
			);
		};
/* End PBXProject section */

/* Begin PBXSourcesBuildPhase section */
		FAE482EC13A2884800F0F1A8 /* Sources */ = {
			isa = PBXSourcesBuildPhase;
			buildActionMask = 2147483647;
			files = (
				FAE482F813A2884800F0F1A8 /* main.m in Sources */,
				FAE7F5C5156968AD00567D7B /* ArtFile.m in Sources */,
				FAE7F5CC156968CB00567D7B /* NSData+Byte.m in Sources */,
				FAE7F5CD156968CB00567D7B /* NSImageRep+Data.m in Sources */,
				FAE7F5D01569698A00567D7B /* AFHeader.m in Sources */,
				FAE7F5D71569736200567D7B /* AFFileDescriptor.m in Sources */,
				FAE7F5DA1569737200567D7B /* AFArtHeader.m in Sources */,
			);
			runOnlyForDeploymentPostprocessing = 0;
		};
/* End PBXSourcesBuildPhase section */

/* Begin XCBuildConfiguration section */
		FAE482FD13A2884800F0F1A8 /* Debug */ = {
			isa = XCBuildConfiguration;
			buildSettings = {
				ALWAYS_SEARCH_USER_PATHS = NO;
				ARCHS = "$(ARCHS_STANDARD_64_BIT)";
				COPY_PHASE_STRIP = NO;
				GCC_C_LANGUAGE_STANDARD = gnu99;
				GCC_DYNAMIC_NO_PIC = NO;
				GCC_ENABLE_OBJC_EXCEPTIONS = YES;
				GCC_OPTIMIZATION_LEVEL = 0;
				GCC_PREPROCESSOR_DEFINITIONS = (
					"DEBUG=1",
					"$(inherited)",
				);
				GCC_SYMBOLS_PRIVATE_EXTERN = NO;
				GCC_VERSION = "";
				GCC_WARN_64_TO_32_BIT_CONVERSION = YES;
				GCC_WARN_ABOUT_MISSING_PROTOTYPES = YES;
				GCC_WARN_ABOUT_RETURN_TYPE = YES;
				GCC_WARN_UNUSED_VARIABLE = YES;
				MACH_O_TYPE = mh_execute;
				MACOSX_DEPLOYMENT_TARGET = 10.7;
				ONLY_ACTIVE_ARCH = NO;
				SDKROOT = macosx10.7;
			};
			name = Debug;
		};
		FAE482FE13A2884800F0F1A8 /* Release */ = {
			isa = XCBuildConfiguration;
			buildSettings = {
				ALWAYS_SEARCH_USER_PATHS = NO;
				ARCHS = "$(ARCHS_STANDARD_64_BIT)";
				COPY_PHASE_STRIP = YES;
				DEBUG_INFORMATION_FORMAT = "dwarf-with-dsym";
				GCC_C_LANGUAGE_STANDARD = gnu99;
				GCC_ENABLE_OBJC_EXCEPTIONS = YES;
				GCC_VERSION = "";
				GCC_WARN_64_TO_32_BIT_CONVERSION = YES;
				GCC_WARN_ABOUT_MISSING_PROTOTYPES = YES;
				GCC_WARN_ABOUT_RETURN_TYPE = YES;
				GCC_WARN_UNUSED_VARIABLE = YES;
				MACH_O_TYPE = mh_execute;
				MACOSX_DEPLOYMENT_TARGET = 10.7;
				ONLY_ACTIVE_ARCH = NO;
				SDKROOT = macosx10.7;
			};
			name = Release;
		};
		FAE4830013A2884800F0F1A8 /* Debug */ = {
			isa = XCBuildConfiguration;
			buildSettings = {
				GCC_PRECOMPILE_PREFIX_HEADER = YES;
				GCC_PREFIX_HEADER = "artFileTool/artFileTool-Prefix.pch";
				GCC_VERSION = "";
				PRODUCT_NAME = "$(TARGET_NAME)";
				SDKROOT = macosx10.7;
			};
			name = Debug;
		};
		FAE4830113A2884800F0F1A8 /* Release */ = {
			isa = XCBuildConfiguration;
			buildSettings = {
				GCC_PRECOMPILE_PREFIX_HEADER = YES;
				GCC_PREFIX_HEADER = "artFileTool/artFileTool-Prefix.pch";
				GCC_VERSION = "";
				PRODUCT_NAME = "$(TARGET_NAME)";
				SDKROOT = macosx10.7;
			};
			name = Release;
		};
/* End XCBuildConfiguration section */

/* Begin XCConfigurationList section */
		FAE482EA13A2884700F0F1A8 /* Build configuration list for PBXProject "artFileTool" */ = {
			isa = XCConfigurationList;
			buildConfigurations = (
				FAE482FD13A2884800F0F1A8 /* Debug */,
				FAE482FE13A2884800F0F1A8 /* Release */,
			);
			defaultConfigurationIsVisible = 0;
			defaultConfigurationName = Release;
		};
		FAE482FF13A2884800F0F1A8 /* Build configuration list for PBXNativeTarget "artFileTool" */ = {
			isa = XCConfigurationList;
			buildConfigurations = (
				FAE4830013A2884800F0F1A8 /* Debug */,
				FAE4830113A2884800F0F1A8 /* Release */,
			);
			defaultConfigurationIsVisible = 0;
			defaultConfigurationName = Release;
		};
/* End XCConfigurationList section */
	};
	rootObject = FAE482E713A2884700F0F1A8 /* Project object */;
}
